
Microsoft Visual Studio Solution File, Format Version 12.00
# Visual Studio Version 17
VisualStudioVersion = 17.0.32014.148
MinimumVisualStudioVersion = 10.0.40219.1
Project("{9A19103F-16F7-4668-BE54-9A1E7A4F7556}") = "TCH.BackendApi", "TCH.BackendApi\TCH.BackendApi.csproj", "{CBA4DB4C-32E9-435C-9F97-E901CBF14341}"
EndProject
Project("{9A19103F-16F7-4668-BE54-9A1E7A4F7556}") = "TCH.Web", "TCH.Web\TCH.Web.csproj", "{A7DB6C7B-48B6-4C6A-89B2-9BE06981663B}"
EndProject
Project("{FAE04EC0-301F-11D3-BF4B-00C04F79EFBC}") = "TCH.Data", "TCH.Data\TCH.Data.csproj", "{F66F8939-A52A-4679-A65D-FFECC8AAEC76}"
EndProject
Project("{FAE04EC0-301F-11D3-BF4B-00C04F79EFBC}") = "TCH.Application", "TCH.Application\TCH.Application.csproj", "{6996F0D2-5BAE-4CBC-A1BD-2F0BCA5CEBD9}"
EndProject
Project("{2150E333-8FDC-42A3-9474-1A3956D46DE8}") = "2.Domain", "2.Domain", "{6C8EE602-C404-4E83-84F5-487189E2A1CD}"
EndProject
Project("{2150E333-8FDC-42A3-9474-1A3956D46DE8}") = "3.Host", "3.Host", "{E4803A54-EEB8-4FFB-A842-9F94CBEBDE6A}"
EndProject
Project("{2150E333-8FDC-42A3-9474-1A3956D46DE8}") = "0.Solution", "0.Solution", "{EF1FA201-CB0E-4D9A-A564-D94262D13C83}"
	ProjectSection(SolutionItems) = preProject
		README.md = README.md
	EndProjectSection
EndProject
Project("{2150E333-8FDC-42A3-9474-1A3956D46DE8}") = "1.Infrastructure", "1.Infrastructure", "{306ABAE2-0E5C-468B-A1CC-3DC36E3CD918}"
EndProject
Project("{FAE04EC0-301F-11D3-BF4B-00C04F79EFBC}") = "TCH.ViewModel", "TCH.ViewModel\TCH.ViewModel.csproj", "{B0583E7B-6415-4827-A3BB-04A52630F47B}"
EndProject
Project("{FAE04EC0-301F-11D3-BF4B-00C04F79EFBC}") = "TCH.Utilities", "TCH.Utilities\TCH.Utilities.csproj", "{599D82F6-AEAE-46AF-B4D6-2556F45D87E9}"
EndProject
Global
	GlobalSection(SolutionConfigurationPlatforms) = preSolution
		Debug|Any CPU = Debug|Any CPU
		Release|Any CPU = Release|Any CPU
	EndGlobalSection
	GlobalSection(ProjectConfigurationPlatforms) = postSolution
		{CBA4DB4C-32E9-435C-9F97-E901CBF14341}.Debug|Any CPU.ActiveCfg = Debug|Any CPU
		{CBA4DB4C-32E9-435C-9F97-E901CBF14341}.Debug|Any CPU.Build.0 = Debug|Any CPU
		{CBA4DB4C-32E9-435C-9F97-E901CBF14341}.Release|Any CPU.ActiveCfg = Release|Any CPU
		{CBA4DB4C-32E9-435C-9F97-E901CBF14341}.Release|Any CPU.Build.0 = Release|Any CPU
		{A7DB6C7B-48B6-4C6A-89B2-9BE06981663B}.Debug|Any CPU.ActiveCfg = Debug|Any CPU
		{A7DB6C7B-48B6-4C6A-89B2-9BE06981663B}.Debug|Any CPU.Build.0 = Debug|Any CPU
		{A7DB6C7B-48B6-4C6A-89B2-9BE06981663B}.Release|Any CPU.ActiveCfg = Release|Any CPU
		{A7DB6C7B-48B6-4C6A-89B2-9BE06981663B}.Release|Any CPU.Build.0 = Release|Any CPU
		{F66F8939-A52A-4679-A65D-FFECC8AAEC76}.Debug|Any CPU.ActiveCfg = Debug|Any CPU
		{F66F8939-A52A-4679-A65D-FFECC8AAEC76}.Debug|Any CPU.Build.0 = Debug|Any CPU
		{F66F8939-A52A-4679-A65D-FFECC8AAEC76}.Release|Any CPU.ActiveCfg = Release|Any CPU
		{F66F8939-A52A-4679-A65D-FFECC8AAEC76}.Release|Any CPU.Build.0 = Release|Any CPU
		{6996F0D2-5BAE-4CBC-A1BD-2F0BCA5CEBD9}.Debug|Any CPU.ActiveCfg = Debug|Any CPU
		{6996F0D2-5BAE-4CBC-A1BD-2F0BCA5CEBD9}.Debug|Any CPU.Build.0 = Debug|Any CPU
		{6996F0D2-5BAE-4CBC-A1BD-2F0BCA5CEBD9}.Release|Any CPU.ActiveCfg = Release|Any CPU
		{6996F0D2-5BAE-4CBC-A1BD-2F0BCA5CEBD9}.Release|Any CPU.Build.0 = Release|Any CPU
		{B0583E7B-6415-4827-A3BB-04A52630F47B}.Debug|Any CPU.ActiveCfg = Debug|Any CPU
		{B0583E7B-6415-4827-A3BB-04A52630F47B}.Debug|Any CPU.Build.0 = Debug|Any CPU
		{B0583E7B-6415-4827-A3BB-04A52630F47B}.Release|Any CPU.ActiveCfg = Release|Any CPU
		{B0583E7B-6415-4827-A3BB-04A52630F47B}.Release|Any CPU.Build.0 = Release|Any CPU
		{599D82F6-AEAE-46AF-B4D6-2556F45D87E9}.Debug|Any CPU.ActiveCfg = Debug|Any CPU
		{599D82F6-AEAE-46AF-B4D6-2556F45D87E9}.Debug|Any CPU.Build.0 = Debug|Any CPU
		{599D82F6-AEAE-46AF-B4D6-2556F45D87E9}.Release|Any CPU.ActiveCfg = Release|Any CPU
		{599D82F6-AEAE-46AF-B4D6-2556F45D87E9}.Release|Any CPU.Build.0 = Release|Any CPU
	EndGlobalSection
	GlobalSection(SolutionProperties) = preSolution
		HideSolutionNode = FALSE
	EndGlobalSection
	GlobalSection(NestedProjects) = preSolution
		{CBA4DB4C-32E9-435C-9F97-E901CBF14341} = {E4803A54-EEB8-4FFB-A842-9F94CBEBDE6A}
		{A7DB6C7B-48B6-4C6A-89B2-9BE06981663B} = {E4803A54-EEB8-4FFB-A842-9F94CBEBDE6A}
		{F66F8939-A52A-4679-A65D-FFECC8AAEC76} = {6C8EE602-C404-4E83-84F5-487189E2A1CD}
		{6996F0D2-5BAE-4CBC-A1BD-2F0BCA5CEBD9} = {6C8EE602-C404-4E83-84F5-487189E2A1CD}
		{B0583E7B-6415-4827-A3BB-04A52630F47B} = {306ABAE2-0E5C-468B-A1CC-3DC36E3CD918}
		{599D82F6-AEAE-46AF-B4D6-2556F45D87E9} = {306ABAE2-0E5C-468B-A1CC-3DC36E3CD918}
	EndGlobalSection
	GlobalSection(ExtensibilityGlobals) = postSolution
		SolutionGuid = {161AE45A-2C08-4A1A-8BA8-C96C4F3D4AFB}
	EndGlobalSection
EndGlobal
